
Microsoft Visual Studio Solution File, Format Version 12.00
# Visual Studio Version 17
VisualStudioVersion = 17.11.35312.102
MinimumVisualStudioVersion = 10.0.40219.1
Project("{FAE04EC0-301F-11D3-BF4B-00C04F79EFBC}") = "Mustafe abdiasiis", "Mustafe abdiasiis.csproj", "{4DB11EEA-92DE-41CD-AFD3-57C0544D6AD3}"
EndProject
Global
	GlobalSection(SolutionConfigurationPlatforms) = preSolution
		Debug|Any CPU = Debug|Any CPU
		Release|Any CPU = Release|Any CPU
	EndGlobalSection
	GlobalSection(ProjectConfigurationPlatforms) = postSolution
		{4DB11EEA-92DE-41CD-AFD3-57C0544D6AD3}.Debug|Any CPU.ActiveCfg = Debug|Any CPU
		{4DB11EEA-92DE-41CD-AFD3-57C0544D6AD3}.Debug|Any CPU.Build.0 = Debug|Any CPU
		{4DB11EEA-92DE-41CD-AFD3-57C0544D6AD3}.Release|Any CPU.ActiveCfg = Release|Any CPU
		{4DB11EEA-92DE-41CD-AFD3-57C0544D6AD3}.Release|Any CPU.Build.0 = Release|Any CPU
	EndGlobalSection
	GlobalSection(SolutionProperties) = preSolution
		HideSolutionNode = FALSE
	EndGlobalSection
	GlobalSection(ExtensibilityGlobals) = postSolution
		SolutionGuid = {ADE5EF7E-24F3-4DFB-85CD-4C100B017ED2}
	EndGlobalSection
EndGlobal
